
Microsoft Visual Studio Solution File, Format Version 12.00
# Visual Studio Version 17
VisualStudioVersion = 17.2.32519.379
MinimumVisualStudioVersion = 10.0.40219.1
Project("{FAE04EC0-301F-11D3-BF4B-00C04F79EFBC}") = "TestQRCode", "TestQRCode.csproj", "{11924624-D5F5-46F5-A1BF-A42DE9460801}"
EndProject
Global
	GlobalSection(SolutionConfigurationPlatforms) = preSolution
		Debug|Any CPU = Debug|Any CPU
		Release|Any CPU = Release|Any CPU
	EndGlobalSection
	GlobalSection(ProjectConfigurationPlatforms) = postSolution
		{11924624-D5F5-46F5-A1BF-A42DE9460801}.Debug|Any CPU.ActiveCfg = Debug|Any CPU
		{11924624-D5F5-46F5-A1BF-A42DE9460801}.Debug|Any CPU.Build.0 = Debug|Any CPU
		{11924624-D5F5-46F5-A1BF-A42DE9460801}.Release|Any CPU.ActiveCfg = Release|Any CPU
		{11924624-D5F5-46F5-A1BF-A42DE9460801}.Release|Any CPU.Build.0 = Release|Any CPU
	EndGlobalSection
	GlobalSection(SolutionProperties) = preSolution
		HideSolutionNode = FALSE
	EndGlobalSection
	GlobalSection(ExtensibilityGlobals) = postSolution
		SolutionGuid = {53A5BE92-3090-4CA8-8BEF-56DDA5A07753}
	EndGlobalSection
EndGlobal
